
Microsoft Visual Studio Solution File, Format Version 12.00
# Visual Studio Version 17
VisualStudioVersion = 17.1.32228.430
MinimumVisualStudioVersion = 10.0.40219.1
Project("{FAE04EC0-301F-11D3-BF4B-00C04F79EFBC}") = "Individual_Project_2.0", "Individual_Project_2.0\Individual_Project_2.0.csproj", "{D8521390-6330-4FE6-86F0-33E75029601F}"
EndProject
Global
	GlobalSection(SolutionConfigurationPlatforms) = preSolution
		Debug|Any CPU = Debug|Any CPU
		Release|Any CPU = Release|Any CPU
	EndGlobalSection
	GlobalSection(ProjectConfigurationPlatforms) = postSolution
		{D8521390-6330-4FE6-86F0-33E75029601F}.Debug|Any CPU.ActiveCfg = Debug|Any CPU
		{D8521390-6330-4FE6-86F0-33E75029601F}.Debug|Any CPU.Build.0 = Debug|Any CPU
		{D8521390-6330-4FE6-86F0-33E75029601F}.Release|Any CPU.ActiveCfg = Release|Any CPU
		{D8521390-6330-4FE6-86F0-33E75029601F}.Release|Any CPU.Build.0 = Release|Any CPU
	EndGlobalSection
	GlobalSection(SolutionProperties) = preSolution
		HideSolutionNode = FALSE
	EndGlobalSection
	GlobalSection(ExtensibilityGlobals) = postSolution
		SolutionGuid = {65F4AC48-B450-47A7-8DED-9F07F23D3312}
	EndGlobalSection
EndGlobal
